
Microsoft Visual Studio Solution File, Format Version 12.00
# Visual Studio Version 17
VisualStudioVersion = 17.2.32616.157
MinimumVisualStudioVersion = 10.0.40219.1
Project("{FAE04EC0-301F-11D3-BF4B-00C04F79EFBC}") = "Task№11_Week1_Gavrilova", "Task№11_Week1_Gavrilova\Task№11_Week1_Gavrilova.csproj", "{0272F007-04D1-44FE-AF1A-262030D820E5}"
EndProject
Global
	GlobalSection(SolutionConfigurationPlatforms) = preSolution
		Debug|Any CPU = Debug|Any CPU
		Release|Any CPU = Release|Any CPU
	EndGlobalSection
	GlobalSection(ProjectConfigurationPlatforms) = postSolution
		{0272F007-04D1-44FE-AF1A-262030D820E5}.Debug|Any CPU.ActiveCfg = Debug|Any CPU
		{0272F007-04D1-44FE-AF1A-262030D820E5}.Debug|Any CPU.Build.0 = Debug|Any CPU
		{0272F007-04D1-44FE-AF1A-262030D820E5}.Release|Any CPU.ActiveCfg = Release|Any CPU
		{0272F007-04D1-44FE-AF1A-262030D820E5}.Release|Any CPU.Build.0 = Release|Any CPU
	EndGlobalSection
	GlobalSection(SolutionProperties) = preSolution
		HideSolutionNode = FALSE
	EndGlobalSection
	GlobalSection(ExtensibilityGlobals) = postSolution
		SolutionGuid = {AB751688-3C43-42C0-9220-B9E2B1A05A77}
	EndGlobalSection
EndGlobal
